<Solution>
    <Folder Name="/src/">
        <Project Path="src/Finora.Application/Finora.Application.csproj" Id="1288e8a2-d25a-4e18-a734-7fc4fcf147f5" />
        <Project Path="src/Finora.Common/Finora.Common.csproj" Id="d5190371-9404-4fc8-bec5-6f6601499bfd" />
        <Project Path="src/Finora.Domain/Finora.Domain.csproj" Id="c286a34d-c67d-4842-b7e1-14cf538cc5db" />
        <Project Path="src/Finora.Infrastructure/Finora.Infrastructure.csproj" Id="08e34721-fe07-4f6a-a082-86b21b1f8433" />
        <Project Path="src/Finora.PWA/Finora.PWA.csproj" />
    </Folder>
</Solution>
